
Microsoft Visual Studio Solution File, Format Version 12.00
# Visual Studio Version 16
VisualStudioVersion = 16.0.30804.86
MinimumVisualStudioVersion = 10.0.40219.1
Project("{9A19103F-16F7-4668-BE54-9A1E7A4F7556}") = "BlazorAptit", "BlazorAptit\BlazorAptit.csproj", "{35A7EC81-680D-48B7-95DA-E9446AAB1D16}"
EndProject
Global
	GlobalSection(SolutionConfigurationPlatforms) = preSolution
		Debug|Any CPU = Debug|Any CPU
		Release|Any CPU = Release|Any CPU
	EndGlobalSection
	GlobalSection(ProjectConfigurationPlatforms) = postSolution
		{35A7EC81-680D-48B7-95DA-E9446AAB1D16}.Debug|Any CPU.ActiveCfg = Debug|Any CPU
		{35A7EC81-680D-48B7-95DA-E9446AAB1D16}.Debug|Any CPU.Build.0 = Debug|Any CPU
		{35A7EC81-680D-48B7-95DA-E9446AAB1D16}.Release|Any CPU.ActiveCfg = Release|Any CPU
		{35A7EC81-680D-48B7-95DA-E9446AAB1D16}.Release|Any CPU.Build.0 = Release|Any CPU
	EndGlobalSection
	GlobalSection(SolutionProperties) = preSolution
		HideSolutionNode = FALSE
	EndGlobalSection
	GlobalSection(ExtensibilityGlobals) = postSolution
		SolutionGuid = {F1A7CE23-EA00-465E-B4D4-64A70F92737A}
	EndGlobalSection
EndGlobal
